<?xml version="1.0" encoding="utf-8"?>
<Project ToolsVersion="4.0" xmlns="http://schemas.microsoft.com/developer/msbuild/2003">
  <ItemGroup>
    <ApplicationDefinition Include="App.xaml" />
  </ItemGroup>
  <ItemGroup>
    <Page Include="MainPage.xaml" />
    <Page Include="LightDictionary.xaml">
      <Filter>View</Filter>
    </Page>
    <Page Include="Login.xaml" />
    <Page Include="SettingsPage.xaml" />
    <Page Include="HomePage.xaml" />
    <Page Include="ClassificationPage.xaml" />
    <Page Include="AccountPage.xaml" />
  </ItemGroup>
  <ItemGroup>
    <Midl Include="App.idl" />
    <Midl Include="MainPage.idl" />
    <Midl Include="BikaHttp.idl" />
    <Midl Include="ClassBlock.idl" />
    <Midl Include="ClassBlockViewModel.idl" />
  </ItemGroup>
  <ItemGroup>
    <ClCompile Include="pch.cpp" />
    <ClCompile Include="App.cpp" />
    <ClCompile Include="MainPage.cpp" />
    <ClCompile Include="$(GeneratedFilesDir)module.g.cpp" />
    <ClCompile Include="BikaHttp.cpp" />
    <ClCompile Include="ClassBlock.cpp" />
    <ClCompile Include="ClassBlockViewModel.cpp" />
  </ItemGroup>
  <ItemGroup>
    <ClInclude Include="pch.h" />
    <ClInclude Include="BikaHttp.h" />
    <ClInclude Include="ClassBlock.h" />
    <ClInclude Include="ClassBlockViewModel.h" />
  </ItemGroup>
  <ItemGroup>
    <Image Include="Assets\Wide310x150Logo.scale-200.png">
      <Filter>Assets</Filter>
    </Image>
    <Image Include="Assets\StoreLogo.png">
      <Filter>Assets</Filter>
    </Image>
    <Image Include="Assets\Square150x150Logo.scale-200.png">
      <Filter>Assets</Filter>
    </Image>
    <Image Include="Assets\Square44x44Logo.targetsize-24_altform-unplated.png">
      <Filter>Assets</Filter>
    </Image>
    <Image Include="Assets\Square44x44Logo.scale-200.png">
      <Filter>Assets</Filter>
    </Image>
    <Image Include="Assets\SplashScreen.scale-200.png">
      <Filter>Assets</Filter>
    </Image>
    <Image Include="Assets\LockScreenLogo.scale-200.png">
      <Filter>Assets</Filter>
    </Image>
    <Image Include="picacomic_2.png" />
    <Image Include="userlogo.png" />
    <Image Include="cat_forum.jpg" />
    <Image Include="cat_game.jpg" />
    <Image Include="cat_latest.jpg" />
    <Image Include="cat_leaderboard.jpg" />
    <Image Include="cat_love_pica.jpg" />
    <Image Include="cat_random.jpg" />
    <Image Include="cat_support.jpg" />
    <Image Include="chat_bg_image.png" />
    <Image Include="gray.png" />
    <Image Include="register_name.png" />
  </ItemGroup>
  <ItemGroup>
    <AppxManifest Include="Package.appxmanifest" />
  </ItemGroup>
  <ItemGroup>
    <Filter Include="Assets">
      <UniqueIdentifier>{e48dc53e-40b1-40cb-970a-f89935452892}</UniqueIdentifier>
    </Filter>
    <Filter Include="View">
      <UniqueIdentifier>{cebc0a6e-e5c4-49f5-8592-a3e45a203622}</UniqueIdentifier>
    </Filter>
  </ItemGroup>
  <ItemGroup>
    <None Include="PropertySheet.props" />
    <None Include="packages.config" />
  </ItemGroup>
  <ItemGroup>
    <PRIResource Include="Strings\zh-cn\Resources.resw" />
  </ItemGroup>
</Project>